// !$*UTF8*$!
{
	archiveVersion = 1;
	classes = {
	};
	objectVersion = 51;
	objects = {

/* Begin PBXBuildFile section */
		29FB68EF0D85133FE33E76E4 /* Pods_SpotterTests.framework in Frameworks */ = {isa = PBXBuildFile; fileRef = 8CBF2FD6EAF8A2E5A1A4C10B /* Pods_SpotterTests.framework */; };
		6E014DE9F944E08F216F1D96 /* Pods_Spotter_SpotterUITests.framework in Frameworks */ = {isa = PBXBuildFile; fileRef = A9166D00D4AD4EEBF1D178D0 /* Pods_Spotter_SpotterUITests.framework */; };
		7328E0C945861C5180270211 /* Pods_Spotter.framework in Frameworks */ = {isa = PBXBuildFile; fileRef = 62BDDDAE5D8AA66296701BCB /* Pods_Spotter.framework */; };
		DDDD033C25D852B50019275F /* InitialViewController.swift in Sources */ = {isa = PBXBuildFile; fileRef = DDDD033B25D852B50019275F /* InitialViewController.swift */; };
		DDDD034125D858E60019275F /* SignInViewController.swift in Sources */ = {isa = PBXBuildFile; fileRef = DDDD034025D858E60019275F /* SignInViewController.swift */; };
		DDE10FF125D78C0200EEBB24 /* AppDelegate.swift in Sources */ = {isa = PBXBuildFile; fileRef = DDE10FF025D78C0200EEBB24 /* AppDelegate.swift */; };
		DDE10FF325D78C0200EEBB24 /* SceneDelegate.swift in Sources */ = {isa = PBXBuildFile; fileRef = DDE10FF225D78C0200EEBB24 /* SceneDelegate.swift */; };
		DDE10FF825D78C0200EEBB24 /* Main.storyboard in Resources */ = {isa = PBXBuildFile; fileRef = DDE10FF625D78C0200EEBB24 /* Main.storyboard */; };
		DDE10FFA25D78C0300EEBB24 /* Assets.xcassets in Resources */ = {isa = PBXBuildFile; fileRef = DDE10FF925D78C0300EEBB24 /* Assets.xcassets */; };
		DDE10FFD25D78C0300EEBB24 /* LaunchScreen.storyboard in Resources */ = {isa = PBXBuildFile; fileRef = DDE10FFB25D78C0300EEBB24 /* LaunchScreen.storyboard */; };
		DDE1100825D78C0300EEBB24 /* SpotterTests.swift in Sources */ = {isa = PBXBuildFile; fileRef = DDE1100725D78C0300EEBB24 /* SpotterTests.swift */; };
		DDE1101325D78C0300EEBB24 /* SpotterUITests.swift in Sources */ = {isa = PBXBuildFile; fileRef = DDE1101225D78C0300EEBB24 /* SpotterUITests.swift */; };
/* End PBXBuildFile section */

/* Begin PBXContainerItemProxy section */
		DDE1100425D78C0300EEBB24 /* PBXContainerItemProxy */ = {
			isa = PBXContainerItemProxy;
			containerPortal = DDE10FE525D78C0100EEBB24 /* Project object */;
			proxyType = 1;
			remoteGlobalIDString = DDE10FEC25D78C0100EEBB24;
			remoteInfo = Spotter;
		};
		DDE1100F25D78C0300EEBB24 /* PBXContainerItemProxy */ = {
			isa = PBXContainerItemProxy;
			containerPortal = DDE10FE525D78C0100EEBB24 /* Project object */;
			proxyType = 1;
			remoteGlobalIDString = DDE10FEC25D78C0100EEBB24;
			remoteInfo = Spotter;
		};
/* End PBXContainerItemProxy section */

/* Begin PBXFileReference section */
		1ECEC26B3066297BD5797BAB /* Pods-Spotter-SpotterUITests.release.xcconfig */ = {isa = PBXFileReference; includeInIndex = 1; lastKnownFileType = text.xcconfig; name = "Pods-Spotter-SpotterUITests.release.xcconfig"; path = "Target Support Files/Pods-Spotter-SpotterUITests/Pods-Spotter-SpotterUITests.release.xcconfig"; sourceTree = "<group>"; };
		62BDDDAE5D8AA66296701BCB /* Pods_Spotter.framework */ = {isa = PBXFileReference; explicitFileType = wrapper.framework; includeInIndex = 0; path = Pods_Spotter.framework; sourceTree = BUILT_PRODUCTS_DIR; };
		7202A21B8D1475A3A50BB28D /* Pods-SpotterTests.release.xcconfig */ = {isa = PBXFileReference; includeInIndex = 1; lastKnownFileType = text.xcconfig; name = "Pods-SpotterTests.release.xcconfig"; path = "Target Support Files/Pods-SpotterTests/Pods-SpotterTests.release.xcconfig"; sourceTree = "<group>"; };
		7FF95A8067F544F4D0EAB859 /* Pods-Spotter-SpotterUITests.debug.xcconfig */ = {isa = PBXFileReference; includeInIndex = 1; lastKnownFileType = text.xcconfig; name = "Pods-Spotter-SpotterUITests.debug.xcconfig"; path = "Target Support Files/Pods-Spotter-SpotterUITests/Pods-Spotter-SpotterUITests.debug.xcconfig"; sourceTree = "<group>"; };
		8CBF2FD6EAF8A2E5A1A4C10B /* Pods_SpotterTests.framework */ = {isa = PBXFileReference; explicitFileType = wrapper.framework; includeInIndex = 0; path = Pods_SpotterTests.framework; sourceTree = BUILT_PRODUCTS_DIR; };
		9053495732A6B2BEF78A9C32 /* Pods-Spotter.release.xcconfig */ = {isa = PBXFileReference; includeInIndex = 1; lastKnownFileType = text.xcconfig; name = "Pods-Spotter.release.xcconfig"; path = "Target Support Files/Pods-Spotter/Pods-Spotter.release.xcconfig"; sourceTree = "<group>"; };
		A9166D00D4AD4EEBF1D178D0 /* Pods_Spotter_SpotterUITests.framework */ = {isa = PBXFileReference; explicitFileType = wrapper.framework; includeInIndex = 0; path = Pods_Spotter_SpotterUITests.framework; sourceTree = BUILT_PRODUCTS_DIR; };
		AEA4FFF252DBED34F0D4956C /* Pods-Spotter.debug.xcconfig */ = {isa = PBXFileReference; includeInIndex = 1; lastKnownFileType = text.xcconfig; name = "Pods-Spotter.debug.xcconfig"; path = "Target Support Files/Pods-Spotter/Pods-Spotter.debug.xcconfig"; sourceTree = "<group>"; };
		BD5365E8E770E2F133419EEF /* Pods-SpotterTests.debug.xcconfig */ = {isa = PBXFileReference; includeInIndex = 1; lastKnownFileType = text.xcconfig; name = "Pods-SpotterTests.debug.xcconfig"; path = "Target Support Files/Pods-SpotterTests/Pods-SpotterTests.debug.xcconfig"; sourceTree = "<group>"; };
		DDDD033B25D852B50019275F /* InitialViewController.swift */ = {isa = PBXFileReference; lastKnownFileType = sourcecode.swift; path = InitialViewController.swift; sourceTree = "<group>"; };
		DDDD034025D858E60019275F /* SignInViewController.swift */ = {isa = PBXFileReference; lastKnownFileType = sourcecode.swift; path = SignInViewController.swift; sourceTree = "<group>"; };
		DDE10FED25D78C0100EEBB24 /* Spotter.app */ = {isa = PBXFileReference; explicitFileType = wrapper.application; includeInIndex = 0; path = Spotter.app; sourceTree = BUILT_PRODUCTS_DIR; };
		DDE10FF025D78C0200EEBB24 /* AppDelegate.swift */ = {isa = PBXFileReference; lastKnownFileType = sourcecode.swift; path = AppDelegate.swift; sourceTree = "<group>"; };
		DDE10FF225D78C0200EEBB24 /* SceneDelegate.swift */ = {isa = PBXFileReference; lastKnownFileType = sourcecode.swift; path = SceneDelegate.swift; sourceTree = "<group>"; };
		DDE10FF725D78C0200EEBB24 /* Base */ = {isa = PBXFileReference; lastKnownFileType = file.storyboard; name = Base; path = Base.lproj/Main.storyboard; sourceTree = "<group>"; };
		DDE10FF925D78C0300EEBB24 /* Assets.xcassets */ = {isa = PBXFileReference; lastKnownFileType = folder.assetcatalog; path = Assets.xcassets; sourceTree = "<group>"; };
		DDE10FFC25D78C0300EEBB24 /* Base */ = {isa = PBXFileReference; lastKnownFileType = file.storyboard; name = Base; path = Base.lproj/LaunchScreen.storyboard; sourceTree = "<group>"; };
		DDE10FFE25D78C0300EEBB24 /* Info.plist */ = {isa = PBXFileReference; lastKnownFileType = text.plist.xml; path = Info.plist; sourceTree = "<group>"; };
		DDE1100325D78C0300EEBB24 /* SpotterTests.xctest */ = {isa = PBXFileReference; explicitFileType = wrapper.cfbundle; includeInIndex = 0; path = SpotterTests.xctest; sourceTree = BUILT_PRODUCTS_DIR; };
		DDE1100725D78C0300EEBB24 /* SpotterTests.swift */ = {isa = PBXFileReference; lastKnownFileType = sourcecode.swift; path = SpotterTests.swift; sourceTree = "<group>"; };
		DDE1100925D78C0300EEBB24 /* Info.plist */ = {isa = PBXFileReference; lastKnownFileType = text.plist.xml; path = Info.plist; sourceTree = "<group>"; };
		DDE1100E25D78C0300EEBB24 /* SpotterUITests.xctest */ = {isa = PBXFileReference; explicitFileType = wrapper.cfbundle; includeInIndex = 0; path = SpotterUITests.xctest; sourceTree = BUILT_PRODUCTS_DIR; };
		DDE1101225D78C0300EEBB24 /* SpotterUITests.swift */ = {isa = PBXFileReference; lastKnownFileType = sourcecode.swift; path = SpotterUITests.swift; sourceTree = "<group>"; };
		DDE1101425D78C0300EEBB24 /* Info.plist */ = {isa = PBXFileReference; lastKnownFileType = text.plist.xml; path = Info.plist; sourceTree = "<group>"; };
/* End PBXFileReference section */

/* Begin PBXFrameworksBuildPhase section */
		DDE10FEA25D78C0100EEBB24 /* Frameworks */ = {
			isa = PBXFrameworksBuildPhase;
			buildActionMask = 2147483647;
			files = (
				7328E0C945861C5180270211 /* Pods_Spotter.framework in Frameworks */,
			);
			runOnlyForDeploymentPostprocessing = 0;
		};
		DDE1100025D78C0300EEBB24 /* Frameworks */ = {
			isa = PBXFrameworksBuildPhase;
			buildActionMask = 2147483647;
			files = (
				29FB68EF0D85133FE33E76E4 /* Pods_SpotterTests.framework in Frameworks */,
			);
			runOnlyForDeploymentPostprocessing = 0;
		};
		DDE1100B25D78C0300EEBB24 /* Frameworks */ = {
			isa = PBXFrameworksBuildPhase;
			buildActionMask = 2147483647;
			files = (
				6E014DE9F944E08F216F1D96 /* Pods_Spotter_SpotterUITests.framework in Frameworks */,
			);
			runOnlyForDeploymentPostprocessing = 0;
		};
/* End PBXFrameworksBuildPhase section */

/* Begin PBXGroup section */
		7D1EFC87EB5C3FDB897C4B8C /* Frameworks */ = {
			isa = PBXGroup;
			children = (
				62BDDDAE5D8AA66296701BCB /* Pods_Spotter.framework */,
				A9166D00D4AD4EEBF1D178D0 /* Pods_Spotter_SpotterUITests.framework */,
				8CBF2FD6EAF8A2E5A1A4C10B /* Pods_SpotterTests.framework */,
			);
			name = Frameworks;
			sourceTree = "<group>";
		};
		B5BCD95B101406DCFF742329 /* Pods */ = {
			isa = PBXGroup;
			children = (
				AEA4FFF252DBED34F0D4956C /* Pods-Spotter.debug.xcconfig */,
				9053495732A6B2BEF78A9C32 /* Pods-Spotter.release.xcconfig */,
				7FF95A8067F544F4D0EAB859 /* Pods-Spotter-SpotterUITests.debug.xcconfig */,
				1ECEC26B3066297BD5797BAB /* Pods-Spotter-SpotterUITests.release.xcconfig */,
				BD5365E8E770E2F133419EEF /* Pods-SpotterTests.debug.xcconfig */,
				7202A21B8D1475A3A50BB28D /* Pods-SpotterTests.release.xcconfig */,
			);
			path = Pods;
			sourceTree = "<group>";
		};
		DDE10FE425D78C0100EEBB24 = {
			isa = PBXGroup;
			children = (
				DDE10FEF25D78C0100EEBB24 /* Spotter */,
				DDE1101125D78C0300EEBB24 /* SpotterUITests */,
				DDE10FEE25D78C0100EEBB24 /* Products */,
				B5BCD95B101406DCFF742329 /* Pods */,
				7D1EFC87EB5C3FDB897C4B8C /* Frameworks */,
			);
			sourceTree = "<group>";
		};
		DDE10FEE25D78C0100EEBB24 /* Products */ = {
			isa = PBXGroup;
			children = (
				DDE10FED25D78C0100EEBB24 /* Spotter.app */,
				DDE1100325D78C0300EEBB24 /* SpotterTests.xctest */,
				DDE1100E25D78C0300EEBB24 /* SpotterUITests.xctest */,
			);
			name = Products;
			sourceTree = "<group>";
		};
		DDE10FEF25D78C0100EEBB24 /* Spotter */ = {
			isa = PBXGroup;
			children = (
				DDE10FF025D78C0200EEBB24 /* AppDelegate.swift */,
				DDE10FF225D78C0200EEBB24 /* SceneDelegate.swift */,
				DDE10FF625D78C0200EEBB24 /* Main.storyboard */,
				DDE10FF925D78C0300EEBB24 /* Assets.xcassets */,
				DDE10FFB25D78C0300EEBB24 /* LaunchScreen.storyboard */,
				DDDD034025D858E60019275F /* SignInViewController.swift */,
				DDE10FFE25D78C0300EEBB24 /* Info.plist */,
				DDDD033B25D852B50019275F /* InitialViewController.swift */,
				DDE1100625D78C0300EEBB24 /* SpotterTests */,
			);
			path = Spotter;
			sourceTree = "<group>";
		};
		DDE1100625D78C0300EEBB24 /* SpotterTests */ = {
			isa = PBXGroup;
			children = (
				DDE1100725D78C0300EEBB24 /* SpotterTests.swift */,
				DDE1100925D78C0300EEBB24 /* Info.plist */,
			);
			path = SpotterTests;
			sourceTree = "<group>";
		};
		DDE1101125D78C0300EEBB24 /* SpotterUITests */ = {
			isa = PBXGroup;
			children = (
				DDE1101225D78C0300EEBB24 /* SpotterUITests.swift */,
				DDE1101425D78C0300EEBB24 /* Info.plist */,
			);
			path = SpotterUITests;
			sourceTree = "<group>";
		};
/* End PBXGroup section */

/* Begin PBXNativeTarget section */
		DDE10FEC25D78C0100EEBB24 /* Spotter */ = {
			isa = PBXNativeTarget;
			buildConfigurationList = DDE1101725D78C0300EEBB24 /* Build configuration list for PBXNativeTarget "Spotter" */;
			buildPhases = (
				46D77799F2DEAFE1CF174637 /* [CP] Check Pods Manifest.lock */,
				DDE10FE925D78C0100EEBB24 /* Sources */,
				DDE10FEA25D78C0100EEBB24 /* Frameworks */,
				DDE10FEB25D78C0100EEBB24 /* Resources */,
				55A9E4E06D4FB3811EB6E129 /* [CP] Embed Pods Frameworks */,
			);
			buildRules = (
			);
			dependencies = (
			);
			name = Spotter;
			productName = Spotter;
			productReference = DDE10FED25D78C0100EEBB24 /* Spotter.app */;
			productType = "com.apple.product-type.application";
		};
		DDE1100225D78C0300EEBB24 /* SpotterTests */ = {
			isa = PBXNativeTarget;
			buildConfigurationList = DDE1101A25D78C0300EEBB24 /* Build configuration list for PBXNativeTarget "SpotterTests" */;
			buildPhases = (
				42209FFCF1D8D61CC582B1DB /* [CP] Check Pods Manifest.lock */,
				DDE10FFF25D78C0300EEBB24 /* Sources */,
				DDE1100025D78C0300EEBB24 /* Frameworks */,
				DDE1100125D78C0300EEBB24 /* Resources */,
			);
			buildRules = (
			);
			dependencies = (
				DDE1100525D78C0300EEBB24 /* PBXTargetDependency */,
			);
			name = SpotterTests;
			productName = SpotterTests;
			productReference = DDE1100325D78C0300EEBB24 /* SpotterTests.xctest */;
			productType = "com.apple.product-type.bundle.unit-test";
		};
		DDE1100D25D78C0300EEBB24 /* SpotterUITests */ = {
			isa = PBXNativeTarget;
			buildConfigurationList = DDE1101D25D78C0300EEBB24 /* Build configuration list for PBXNativeTarget "SpotterUITests" */;
			buildPhases = (
				7C58E52FADB7C1C360BF232F /* [CP] Check Pods Manifest.lock */,
				DDE1100A25D78C0300EEBB24 /* Sources */,
				DDE1100B25D78C0300EEBB24 /* Frameworks */,
				DDE1100C25D78C0300EEBB24 /* Resources */,
				1FEE33BC4FA91A331335BC32 /* [CP] Embed Pods Frameworks */,
			);
			buildRules = (
			);
			dependencies = (
				DDE1101025D78C0300EEBB24 /* PBXTargetDependency */,
			);
			name = SpotterUITests;
			productName = SpotterUITests;
			productReference = DDE1100E25D78C0300EEBB24 /* SpotterUITests.xctest */;
			productType = "com.apple.product-type.bundle.ui-testing";
		};
/* End PBXNativeTarget section */

/* Begin PBXProject section */
		DDE10FE525D78C0100EEBB24 /* Project object */ = {
			isa = PBXProject;
			attributes = {
				LastSwiftUpdateCheck = 1240;
				LastUpgradeCheck = 1240;
				TargetAttributes = {
					DDE10FEC25D78C0100EEBB24 = {
						CreatedOnToolsVersion = 12.4;
					};
					DDE1100225D78C0300EEBB24 = {
						CreatedOnToolsVersion = 12.4;
						TestTargetID = DDE10FEC25D78C0100EEBB24;
					};
					DDE1100D25D78C0300EEBB24 = {
						CreatedOnToolsVersion = 12.4;
						TestTargetID = DDE10FEC25D78C0100EEBB24;
					};
				};
			};
			buildConfigurationList = DDE10FE825D78C0100EEBB24 /* Build configuration list for PBXProject "Spotter" */;
			compatibilityVersion = "Xcode 9.3";
			developmentRegion = en;
			hasScannedForEncodings = 0;
			knownRegions = (
				en,
				Base,
			);
			mainGroup = DDE10FE425D78C0100EEBB24;
			productRefGroup = DDE10FEE25D78C0100EEBB24 /* Products */;
			projectDirPath = "";
			projectRoot = "";
			targets = (
				DDE10FEC25D78C0100EEBB24 /* Spotter */,
				DDE1100225D78C0300EEBB24 /* SpotterTests */,
				DDE1100D25D78C0300EEBB24 /* SpotterUITests */,
			);
		};
/* End PBXProject section */

/* Begin PBXResourcesBuildPhase section */
		DDE10FEB25D78C0100EEBB24 /* Resources */ = {
			isa = PBXResourcesBuildPhase;
			buildActionMask = 2147483647;
			files = (
				DDE10FFD25D78C0300EEBB24 /* LaunchScreen.storyboard in Resources */,
				DDE10FFA25D78C0300EEBB24 /* Assets.xcassets in Resources */,
				DDE10FF825D78C0200EEBB24 /* Main.storyboard in Resources */,
			);
			runOnlyForDeploymentPostprocessing = 0;
		};
		DDE1100125D78C0300EEBB24 /* Resources */ = {
			isa = PBXResourcesBuildPhase;
			buildActionMask = 2147483647;
			files = (
			);
			runOnlyForDeploymentPostprocessing = 0;
		};
		DDE1100C25D78C0300EEBB24 /* Resources */ = {
			isa = PBXResourcesBuildPhase;
			buildActionMask = 2147483647;
			files = (
			);
			runOnlyForDeploymentPostprocessing = 0;
		};
/* End PBXResourcesBuildPhase section */

/* Begin PBXShellScriptBuildPhase section */
		1FEE33BC4FA91A331335BC32 /* [CP] Embed Pods Frameworks */ = {
			isa = PBXShellScriptBuildPhase;
			buildActionMask = 2147483647;
			files = (
			);
			inputFileListPaths = (
				"${PODS_ROOT}/Target Support Files/Pods-Spotter-SpotterUITests/Pods-Spotter-SpotterUITests-frameworks-${CONFIGURATION}-input-files.xcfilelist",
			);
			name = "[CP] Embed Pods Frameworks";
			outputFileListPaths = (
				"${PODS_ROOT}/Target Support Files/Pods-Spotter-SpotterUITests/Pods-Spotter-SpotterUITests-frameworks-${CONFIGURATION}-output-files.xcfilelist",
			);
			runOnlyForDeploymentPostprocessing = 0;
			shellPath = /bin/sh;
			shellScript = "\"${PODS_ROOT}/Target Support Files/Pods-Spotter-SpotterUITests/Pods-Spotter-SpotterUITests-frameworks.sh\"\n";
			showEnvVarsInLog = 0;
		};
		42209FFCF1D8D61CC582B1DB /* [CP] Check Pods Manifest.lock */ = {
			isa = PBXShellScriptBuildPhase;
			buildActionMask = 2147483647;
			files = (
			);
			inputFileListPaths = (
			);
			inputPaths = (
				"${PODS_PODFILE_DIR_PATH}/Podfile.lock",
				"${PODS_ROOT}/Manifest.lock",
			);
			name = "[CP] Check Pods Manifest.lock";
			outputFileListPaths = (
			);
			outputPaths = (
				"$(DERIVED_FILE_DIR)/Pods-SpotterTests-checkManifestLockResult.txt",
			);
			runOnlyForDeploymentPostprocessing = 0;
			shellPath = /bin/sh;
			shellScript = "diff \"${PODS_PODFILE_DIR_PATH}/Podfile.lock\" \"${PODS_ROOT}/Manifest.lock\" > /dev/null\nif [ $? != 0 ] ; then\n    # print error to STDERR\n    echo \"error: The sandbox is not in sync with the Podfile.lock. Run 'pod install' or update your CocoaPods installation.\" >&2\n    exit 1\nfi\n# This output is used by Xcode 'outputs' to avoid re-running this script phase.\necho \"SUCCESS\" > \"${SCRIPT_OUTPUT_FILE_0}\"\n";
			showEnvVarsInLog = 0;
		};
		46D77799F2DEAFE1CF174637 /* [CP] Check Pods Manifest.lock */ = {
			isa = PBXShellScriptBuildPhase;
			buildActionMask = 2147483647;
			files = (
			);
			inputFileListPaths = (
			);
			inputPaths = (
				"${PODS_PODFILE_DIR_PATH}/Podfile.lock",
				"${PODS_ROOT}/Manifest.lock",
			);
			name = "[CP] Check Pods Manifest.lock";
			outputFileListPaths = (
			);
			outputPaths = (
				"$(DERIVED_FILE_DIR)/Pods-Spotter-checkManifestLockResult.txt",
			);
			runOnlyForDeploymentPostprocessing = 0;
			shellPath = /bin/sh;
			shellScript = "diff \"${PODS_PODFILE_DIR_PATH}/Podfile.lock\" \"${PODS_ROOT}/Manifest.lock\" > /dev/null\nif [ $? != 0 ] ; then\n    # print error to STDERR\n    echo \"error: The sandbox is not in sync with the Podfile.lock. Run 'pod install' or update your CocoaPods installation.\" >&2\n    exit 1\nfi\n# This output is used by Xcode 'outputs' to avoid re-running this script phase.\necho \"SUCCESS\" > \"${SCRIPT_OUTPUT_FILE_0}\"\n";
			showEnvVarsInLog = 0;
		};
		55A9E4E06D4FB3811EB6E129 /* [CP] Embed Pods Frameworks */ = {
			isa = PBXShellScriptBuildPhase;
			buildActionMask = 2147483647;
			files = (
			);
			inputFileListPaths = (
				"${PODS_ROOT}/Target Support Files/Pods-Spotter/Pods-Spotter-frameworks-${CONFIGURATION}-input-files.xcfilelist",
			);
			name = "[CP] Embed Pods Frameworks";
			outputFileListPaths = (
				"${PODS_ROOT}/Target Support Files/Pods-Spotter/Pods-Spotter-frameworks-${CONFIGURATION}-output-files.xcfilelist",
			);
			runOnlyForDeploymentPostprocessing = 0;
			shellPath = /bin/sh;
			shellScript = "\"${PODS_ROOT}/Target Support Files/Pods-Spotter/Pods-Spotter-frameworks.sh\"\n";
			showEnvVarsInLog = 0;
		};
		7C58E52FADB7C1C360BF232F /* [CP] Check Pods Manifest.lock */ = {
			isa = PBXShellScriptBuildPhase;
			buildActionMask = 2147483647;
			files = (
			);
			inputFileListPaths = (
			);
			inputPaths = (
				"${PODS_PODFILE_DIR_PATH}/Podfile.lock",
				"${PODS_ROOT}/Manifest.lock",
			);
			name = "[CP] Check Pods Manifest.lock";
			outputFileListPaths = (
			);
			outputPaths = (
				"$(DERIVED_FILE_DIR)/Pods-Spotter-SpotterUITests-checkManifestLockResult.txt",
			);
			runOnlyForDeploymentPostprocessing = 0;
			shellPath = /bin/sh;
			shellScript = "diff \"${PODS_PODFILE_DIR_PATH}/Podfile.lock\" \"${PODS_ROOT}/Manifest.lock\" > /dev/null\nif [ $? != 0 ] ; then\n    # print error to STDERR\n    echo \"error: The sandbox is not in sync with the Podfile.lock. Run 'pod install' or update your CocoaPods installation.\" >&2\n    exit 1\nfi\n# This output is used by Xcode 'outputs' to avoid re-running this script phase.\necho \"SUCCESS\" > \"${SCRIPT_OUTPUT_FILE_0}\"\n";
			showEnvVarsInLog = 0;
		};
/* End PBXShellScriptBuildPhase section */

/* Begin PBXSourcesBuildPhase section */
		DDE10FE925D78C0100EEBB24 /* Sources */ = {
			isa = PBXSourcesBuildPhase;
			buildActionMask = 2147483647;
			files = (
				DDDD034125D858E60019275F /* SignInViewController.swift in Sources */,
				DDDD033C25D852B50019275F /* InitialViewController.swift in Sources */,
				DDE10FF125D78C0200EEBB24 /* AppDelegate.swift in Sources */,
				DDE10FF325D78C0200EEBB24 /* SceneDelegate.swift in Sources */,
			);
			runOnlyForDeploymentPostprocessing = 0;
		};
		DDE10FFF25D78C0300EEBB24 /* Sources */ = {
			isa = PBXSourcesBuildPhase;
			buildActionMask = 2147483647;
			files = (
				DDE1100825D78C0300EEBB24 /* SpotterTests.swift in Sources */,
			);
			runOnlyForDeploymentPostprocessing = 0;
		};
		DDE1100A25D78C0300EEBB24 /* Sources */ = {
			isa = PBXSourcesBuildPhase;
			buildActionMask = 2147483647;
			files = (
				DDE1101325D78C0300EEBB24 /* SpotterUITests.swift in Sources */,
			);
			runOnlyForDeploymentPostprocessing = 0;
		};
/* End PBXSourcesBuildPhase section */

/* Begin PBXTargetDependency section */
		DDE1100525D78C0300EEBB24 /* PBXTargetDependency */ = {
			isa = PBXTargetDependency;
			target = DDE10FEC25D78C0100EEBB24 /* Spotter */;
			targetProxy = DDE1100425D78C0300EEBB24 /* PBXContainerItemProxy */;
		};
		DDE1101025D78C0300EEBB24 /* PBXTargetDependency */ = {
			isa = PBXTargetDependency;
			target = DDE10FEC25D78C0100EEBB24 /* Spotter */;
			targetProxy = DDE1100F25D78C0300EEBB24 /* PBXContainerItemProxy */;
		};
/* End PBXTargetDependency section */

/* Begin PBXVariantGroup section */
		DDE10FF625D78C0200EEBB24 /* Main.storyboard */ = {
			isa = PBXVariantGroup;
			children = (
				DDE10FF725D78C0200EEBB24 /* Base */,
			);
			name = Main.storyboard;
			sourceTree = "<group>";
		};
		DDE10FFB25D78C0300EEBB24 /* LaunchScreen.storyboard */ = {
			isa = PBXVariantGroup;
			children = (
				DDE10FFC25D78C0300EEBB24 /* Base */,
			);
			name = LaunchScreen.storyboard;
			sourceTree = "<group>";
		};
/* End PBXVariantGroup section */

/* Begin XCBuildConfiguration section */
		DDE1101525D78C0300EEBB24 /* Debug */ = {
			isa = XCBuildConfiguration;
			buildSettings = {
				ALWAYS_SEARCH_USER_PATHS = NO;
				CLANG_ANALYZER_NONNULL = YES;
				CLANG_ANALYZER_NUMBER_OBJECT_CONVERSION = YES_AGGRESSIVE;
				CLANG_CXX_LANGUAGE_STANDARD = "gnu++14";
				CLANG_CXX_LIBRARY = "libc++";
				CLANG_ENABLE_MODULES = YES;
				CLANG_ENABLE_OBJC_ARC = YES;
				CLANG_ENABLE_OBJC_WEAK = YES;
				CLANG_WARN_BLOCK_CAPTURE_AUTORELEASING = YES;
				CLANG_WARN_BOOL_CONVERSION = YES;
				CLANG_WARN_COMMA = YES;
				CLANG_WARN_CONSTANT_CONVERSION = YES;
				CLANG_WARN_DEPRECATED_OBJC_IMPLEMENTATIONS = YES;
				CLANG_WARN_DIRECT_OBJC_ISA_USAGE = YES_ERROR;
				CLANG_WARN_DOCUMENTATION_COMMENTS = YES;
				CLANG_WARN_EMPTY_BODY = YES;
				CLANG_WARN_ENUM_CONVERSION = YES;
				CLANG_WARN_INFINITE_RECURSION = YES;
				CLANG_WARN_INT_CONVERSION = YES;
				CLANG_WARN_NON_LITERAL_NULL_CONVERSION = YES;
				CLANG_WARN_OBJC_IMPLICIT_RETAIN_SELF = YES;
				CLANG_WARN_OBJC_LITERAL_CONVERSION = YES;
				CLANG_WARN_OBJC_ROOT_CLASS = YES_ERROR;
				CLANG_WARN_QUOTED_INCLUDE_IN_FRAMEWORK_HEADER = YES;
				CLANG_WARN_RANGE_LOOP_ANALYSIS = YES;
				CLANG_WARN_STRICT_PROTOTYPES = YES;
				CLANG_WARN_SUSPICIOUS_MOVE = YES;
				CLANG_WARN_UNGUARDED_AVAILABILITY = YES_AGGRESSIVE;
				CLANG_WARN_UNREACHABLE_CODE = YES;
				CLANG_WARN__DUPLICATE_METHOD_MATCH = YES;
				COPY_PHASE_STRIP = NO;
				DEBUG_INFORMATION_FORMAT = dwarf;
				ENABLE_STRICT_OBJC_MSGSEND = YES;
				ENABLE_TESTABILITY = YES;
				GCC_C_LANGUAGE_STANDARD = gnu11;
				GCC_DYNAMIC_NO_PIC = NO;
				GCC_NO_COMMON_BLOCKS = YES;
				GCC_OPTIMIZATION_LEVEL = 0;
				GCC_PREPROCESSOR_DEFINITIONS = (
					"DEBUG=1",
					"$(inherited)",
				);
				GCC_WARN_64_TO_32_BIT_CONVERSION = YES;
				GCC_WARN_ABOUT_RETURN_TYPE = YES_ERROR;
				GCC_WARN_UNDECLARED_SELECTOR = YES;
				GCC_WARN_UNINITIALIZED_AUTOS = YES_AGGRESSIVE;
				GCC_WARN_UNUSED_FUNCTION = YES;
				GCC_WARN_UNUSED_VARIABLE = YES;
				IPHONEOS_DEPLOYMENT_TARGET = 14.4;
				MTL_ENABLE_DEBUG_INFO = INCLUDE_SOURCE;
				MTL_FAST_MATH = YES;
				ONLY_ACTIVE_ARCH = YES;
				SDKROOT = iphoneos;
				SWIFT_ACTIVE_COMPILATION_CONDITIONS = DEBUG;
				SWIFT_OPTIMIZATION_LEVEL = "-Onone";
			};
			name = Debug;
		};
		DDE1101625D78C0300EEBB24 /* Release */ = {
			isa = XCBuildConfiguration;
			buildSettings = {
				ALWAYS_SEARCH_USER_PATHS = NO;
				CLANG_ANALYZER_NONNULL = YES;
				CLANG_ANALYZER_NUMBER_OBJECT_CONVERSION = YES_AGGRESSIVE;
				CLANG_CXX_LANGUAGE_STANDARD = "gnu++14";
				CLANG_CXX_LIBRARY = "libc++";
				CLANG_ENABLE_MODULES = YES;
				CLANG_ENABLE_OBJC_ARC = YES;
				CLANG_ENABLE_OBJC_WEAK = YES;
				CLANG_WARN_BLOCK_CAPTURE_AUTORELEASING = YES;
				CLANG_WARN_BOOL_CONVERSION = YES;
				CLANG_WARN_COMMA = YES;
				CLANG_WARN_CONSTANT_CONVERSION = YES;
				CLANG_WARN_DEPRECATED_OBJC_IMPLEMENTATIONS = YES;
				CLANG_WARN_DIRECT_OBJC_ISA_USAGE = YES_ERROR;
				CLANG_WARN_DOCUMENTATION_COMMENTS = YES;
				CLANG_WARN_EMPTY_BODY = YES;
				CLANG_WARN_ENUM_CONVERSION = YES;
				CLANG_WARN_INFINITE_RECURSION = YES;
				CLANG_WARN_INT_CONVERSION = YES;
				CLANG_WARN_NON_LITERAL_NULL_CONVERSION = YES;
				CLANG_WARN_OBJC_IMPLICIT_RETAIN_SELF = YES;
				CLANG_WARN_OBJC_LITERAL_CONVERSION = YES;
				CLANG_WARN_OBJC_ROOT_CLASS = YES_ERROR;
				CLANG_WARN_QUOTED_INCLUDE_IN_FRAMEWORK_HEADER = YES;
				CLANG_WARN_RANGE_LOOP_ANALYSIS = YES;
				CLANG_WARN_STRICT_PROTOTYPES = YES;
				CLANG_WARN_SUSPICIOUS_MOVE = YES;
				CLANG_WARN_UNGUARDED_AVAILABILITY = YES_AGGRESSIVE;
				CLANG_WARN_UNREACHABLE_CODE = YES;
				CLANG_WARN__DUPLICATE_METHOD_MATCH = YES;
				COPY_PHASE_STRIP = NO;
				DEBUG_INFORMATION_FORMAT = "dwarf-with-dsym";
				ENABLE_NS_ASSERTIONS = NO;
				ENABLE_STRICT_OBJC_MSGSEND = YES;
				GCC_C_LANGUAGE_STANDARD = gnu11;
				GCC_NO_COMMON_BLOCKS = YES;
				GCC_WARN_64_TO_32_BIT_CONVERSION = YES;
				GCC_WARN_ABOUT_RETURN_TYPE = YES_ERROR;
				GCC_WARN_UNDECLARED_SELECTOR = YES;
				GCC_WARN_UNINITIALIZED_AUTOS = YES_AGGRESSIVE;
				GCC_WARN_UNUSED_FUNCTION = YES;
				GCC_WARN_UNUSED_VARIABLE = YES;
				IPHONEOS_DEPLOYMENT_TARGET = 14.4;
				MTL_ENABLE_DEBUG_INFO = NO;
				MTL_FAST_MATH = YES;
				SDKROOT = iphoneos;
				SWIFT_COMPILATION_MODE = wholemodule;
				SWIFT_OPTIMIZATION_LEVEL = "-O";
				VALIDATE_PRODUCT = YES;
			};
			name = Release;
		};
		DDE1101825D78C0300EEBB24 /* Debug */ = {
			isa = XCBuildConfiguration;
			baseConfigurationReference = AEA4FFF252DBED34F0D4956C /* Pods-Spotter.debug.xcconfig */;
			buildSettings = {
				ASSETCATALOG_COMPILER_APPICON_NAME = AppIcon;
				ASSETCATALOG_COMPILER_GLOBAL_ACCENT_COLOR_NAME = AccentColor;
				CODE_SIGN_STYLE = Automatic;
				INFOPLIST_FILE = Spotter/Info.plist;
				LD_RUNPATH_SEARCH_PATHS = (
					"$(inherited)",
					"@executable_path/Frameworks",
				);
				PRODUCT_BUNDLE_IDENTIFIER = com.hackhealth.Spotter;
				PRODUCT_NAME = "$(TARGET_NAME)";
				SWIFT_VERSION = 5.0;
				TARGETED_DEVICE_FAMILY = "1,2";
			};
			name = Debug;
		};
		DDE1101925D78C0300EEBB24 /* Release */ = {
			isa = XCBuildConfiguration;
			baseConfigurationReference = 9053495732A6B2BEF78A9C32 /* Pods-Spotter.release.xcconfig */;
			buildSettings = {
				ASSETCATALOG_COMPILER_APPICON_NAME = AppIcon;
				ASSETCATALOG_COMPILER_GLOBAL_ACCENT_COLOR_NAME = AccentColor;
				CODE_SIGN_STYLE = Automatic;
				INFOPLIST_FILE = Spotter/Info.plist;
				LD_RUNPATH_SEARCH_PATHS = (
					"$(inherited)",
					"@executable_path/Frameworks",
				);
				PRODUCT_BUNDLE_IDENTIFIER = com.hackhealth.Spotter;
				PRODUCT_NAME = "$(TARGET_NAME)";
				SWIFT_VERSION = 5.0;
				TARGETED_DEVICE_FAMILY = "1,2";
			};
			name = Release;
		};
		DDE1101B25D78C0300EEBB24 /* Debug */ = {
			isa = XCBuildConfiguration;
			baseConfigurationReference = BD5365E8E770E2F133419EEF /* Pods-SpotterTests.debug.xcconfig */;
			buildSettings = {
				ALWAYS_EMBED_SWIFT_STANDARD_LIBRARIES = YES;
				BUNDLE_LOADER = "$(TEST_HOST)";
				CODE_SIGN_STYLE = Automatic;
				INFOPLIST_FILE = SpotterTests/Info.plist;
				IPHONEOS_DEPLOYMENT_TARGET = 14.4;
				LD_RUNPATH_SEARCH_PATHS = (
					"$(inherited)",
					"@executable_path/Frameworks",
					"@loader_path/Frameworks",
				);
				PRODUCT_BUNDLE_IDENTIFIER = com.hackhealth.SpotterTests;
				PRODUCT_NAME = "$(TARGET_NAME)";
				SWIFT_VERSION = 5.0;
				TARGETED_DEVICE_FAMILY = "1,2";
				TEST_HOST = "$(BUILT_PRODUCTS_DIR)/Spotter.app/Spotter";
			};
			name = Debug;
		};
		DDE1101C25D78C0300EEBB24 /* Release */ = {
			isa = XCBuildConfiguration;
			baseConfigurationReference = 7202A21B8D1475A3A50BB28D /* Pods-SpotterTests.release.xcconfig */;
			buildSettings = {
				ALWAYS_EMBED_SWIFT_STANDARD_LIBRARIES = YES;
				BUNDLE_LOADER = "$(TEST_HOST)";
				CODE_SIGN_STYLE = Automatic;
				INFOPLIST_FILE = SpotterTests/Info.plist;
				IPHONEOS_DEPLOYMENT_TARGET = 14.4;
				LD_RUNPATH_SEARCH_PATHS = (
					"$(inherited)",
					"@executable_path/Frameworks",
					"@loader_path/Frameworks",
				);
				PRODUCT_BUNDLE_IDENTIFIER = com.hackhealth.SpotterTests;
				PRODUCT_NAME = "$(TARGET_NAME)";
				SWIFT_VERSION = 5.0;
				TARGETED_DEVICE_FAMILY = "1,2";
				TEST_HOST = "$(BUILT_PRODUCTS_DIR)/Spotter.app/Spotter";
			};
			name = Release;
		};
		DDE1101E25D78C0300EEBB24 /* Debug */ = {
			isa = XCBuildConfiguration;
			baseConfigurationReference = 7FF95A8067F544F4D0EAB859 /* Pods-Spotter-SpotterUITests.debug.xcconfig */;
			buildSettings = {
				ALWAYS_EMBED_SWIFT_STANDARD_LIBRARIES = YES;
				CODE_SIGN_STYLE = Automatic;
				INFOPLIST_FILE = SpotterUITests/Info.plist;
				LD_RUNPATH_SEARCH_PATHS = (
					"$(inherited)",
					"@executable_path/Frameworks",
					"@loader_path/Frameworks",
				);
				PRODUCT_BUNDLE_IDENTIFIER = com.hackhealth.SpotterUITests;
				PRODUCT_NAME = "$(TARGET_NAME)";
				SWIFT_VERSION = 5.0;
				TARGETED_DEVICE_FAMILY = "1,2";
				TEST_TARGET_NAME = Spotter;
			};
			name = Debug;
		};
		DDE1101F25D78C0300EEBB24 /* Release */ = {
			isa = XCBuildConfiguration;
			baseConfigurationReference = 1ECEC26B3066297BD5797BAB /* Pods-Spotter-SpotterUITests.release.xcconfig */;
			buildSettings = {
				ALWAYS_EMBED_SWIFT_STANDARD_LIBRARIES = YES;
				CODE_SIGN_STYLE = Automatic;
				INFOPLIST_FILE = SpotterUITests/Info.plist;
				LD_RUNPATH_SEARCH_PATHS = (
					"$(inherited)",
					"@executable_path/Frameworks",
					"@loader_path/Frameworks",
				);
				PRODUCT_BUNDLE_IDENTIFIER = com.hackhealth.SpotterUITests;
				PRODUCT_NAME = "$(TARGET_NAME)";
				SWIFT_VERSION = 5.0;
				TARGETED_DEVICE_FAMILY = "1,2";
				TEST_TARGET_NAME = Spotter;
			};
			name = Release;
		};
/* End XCBuildConfiguration section */

/* Begin XCConfigurationList section */
		DDE10FE825D78C0100EEBB24 /* Build configuration list for PBXProject "Spotter" */ = {
			isa = XCConfigurationList;
			buildConfigurations = (
				DDE1101525D78C0300EEBB24 /* Debug */,
				DDE1101625D78C0300EEBB24 /* Release */,
			);
			defaultConfigurationIsVisible = 0;
			defaultConfigurationName = Release;
		};
		DDE1101725D78C0300EEBB24 /* Build configuration list for PBXNativeTarget "Spotter" */ = {
			isa = XCConfigurationList;
			buildConfigurations = (
				DDE1101825D78C0300EEBB24 /* Debug */,
				DDE1101925D78C0300EEBB24 /* Release */,
			);
			defaultConfigurationIsVisible = 0;
			defaultConfigurationName = Release;
		};
		DDE1101A25D78C0300EEBB24 /* Build configuration list for PBXNativeTarget "SpotterTests" */ = {
			isa = XCConfigurationList;
			buildConfigurations = (
				DDE1101B25D78C0300EEBB24 /* Debug */,
				DDE1101C25D78C0300EEBB24 /* Release */,
			);
			defaultConfigurationIsVisible = 0;
			defaultConfigurationName = Release;
		};
		DDE1101D25D78C0300EEBB24 /* Build configuration list for PBXNativeTarget "SpotterUITests" */ = {
			isa = XCConfigurationList;
			buildConfigurations = (
				DDE1101E25D78C0300EEBB24 /* Debug */,
				DDE1101F25D78C0300EEBB24 /* Release */,
			);
			defaultConfigurationIsVisible = 0;
			defaultConfigurationName = Release;
		};
/* End XCConfigurationList section */
	};
	rootObject = DDE10FE525D78C0100EEBB24 /* Project object */;
}
